
Microsoft Visual Studio Solution File, Format Version 12.00
# Visual Studio 15
VisualStudioVersion = 15.0.28307.421
MinimumVisualStudioVersion = 10.0.40219.1
Project("{FAE04EC0-301F-11D3-BF4B-00C04F79EFBC}") = "E19_CuadradoPerfecto", "E19_CuadradoPerfecto\E19_CuadradoPerfecto.csproj", "{C13FF1D7-1F91-44B8-9873-7C7D0A3B40BC}"
EndProject
Global
	GlobalSection(SolutionConfigurationPlatforms) = preSolution
		Debug|Any CPU = Debug|Any CPU
		Release|Any CPU = Release|Any CPU
	EndGlobalSection
	GlobalSection(ProjectConfigurationPlatforms) = postSolution
		{C13FF1D7-1F91-44B8-9873-7C7D0A3B40BC}.Debug|Any CPU.ActiveCfg = Debug|Any CPU
		{C13FF1D7-1F91-44B8-9873-7C7D0A3B40BC}.Debug|Any CPU.Build.0 = Debug|Any CPU
		{C13FF1D7-1F91-44B8-9873-7C7D0A3B40BC}.Release|Any CPU.ActiveCfg = Release|Any CPU
		{C13FF1D7-1F91-44B8-9873-7C7D0A3B40BC}.Release|Any CPU.Build.0 = Release|Any CPU
	EndGlobalSection
	GlobalSection(SolutionProperties) = preSolution
		HideSolutionNode = FALSE
	EndGlobalSection
	GlobalSection(ExtensibilityGlobals) = postSolution
		SolutionGuid = {8834E1A5-F7CD-43BA-A45C-30F6F1A8B411}
	EndGlobalSection
EndGlobal
